<?xml version="1.0" encoding="utf-8"?>
<Project ToolsVersion="4.0" xmlns="http://schemas.microsoft.com/developer/msbuild/2003">
  <ItemGroup>
    <Filter Include="Source Files">
      <UniqueIdentifier>{4FC737F1-C7A5-4376-A066-2A32D752A2FF}</UniqueIdentifier>
      <Extensions>cpp;c;cc;cxx;def;odl;idl;hpj;bat;asm;asmx</Extensions>
    </Filter>
    <Filter Include="Header Files">
      <UniqueIdentifier>{93995380-89BD-4b04-88EB-625FBE52EBFB}</UniqueIdentifier>
      <Extensions>h;hh;hpp;hxx;hm;inl;inc;ipp;xsd</Extensions>
    </Filter>
    <Filter Include="Resource Files">
      <UniqueIdentifier>{67DA6AB6-F800-4c08-8B7A-83BB121AAD01}</UniqueIdentifier>
      <Extensions>rc;ico;cur;bmp;dlg;rc2;rct;bin;rgs;gif;jpg;jpeg;jpe;resx;tiff;tif;png;wav;mfcribbon-ms</Extensions>
    </Filter>
    <Filter Include="HookLib">
      <UniqueIdentifier>{d156748f-916b-4c9d-854c-c1e155a07093}</UniqueIdentifier>
    </Filter>
  </ItemGroup>
  <ItemGroup>
    <ClCompile Include="main.cpp">
      <Filter>Source Files</Filter>
    </ClCompile>
    <ClCompile Include="PythonUtils.cpp">
      <Filter>Source Files</Filter>
    </ClCompile>
    <ClCompile Include="JMPMidFuncHook.cpp">
      <Filter>HookLib</Filter>
    </ClCompile>
    <ClCompile Include="JMPStartFuncHook.cpp">
      <Filter>HookLib</Filter>
    </ClCompile>
    <ClCompile Include="SleepFunctionHook.cpp">
      <Filter>HookLib</Filter>
    </ClCompile>
    <ClCompile Include="ReturnHook.cpp">
      <Filter>HookLib</Filter>
    </ClCompile>
    <ClCompile Include="Hook.cpp">
      <Filter>HookLib</Filter>
    </ClCompile>
    <ClCompile Include="App.cpp">
      <Filter>Source Files</Filter>
    </ClCompile>
    <ClCompile Include="Communication.cpp">
      <Filter>Source Files</Filter>
    </ClCompile>
    <ClCompile Include="..\common\utils.cpp">
      <Filter>Source Files</Filter>
    </ClCompile>
    <ClCompile Include="CAddressLoader.cpp">
      <Filter>Source Files</Filter>
    </ClCompile>
    <ClCompile Include="Background.cpp">
      <Filter>Source Files</Filter>
    </ClCompile>
    <ClCompile Include="InstanceManager.cpp">
      <Filter>Source Files</Filter>
    </ClCompile>
    <ClCompile Include="MapCollision.cpp">
      <Filter>Source Files</Filter>
    </ClCompile>
    <ClCompile Include="Memory.cpp">
      <Filter>Source Files</Filter>
    </ClCompile>
    <ClCompile Include="Player.cpp">
      <Filter>Source Files</Filter>
    </ClCompile>
    <ClCompile Include="PythonModule.cpp">
      <Filter>Source Files</Filter>
    </ClCompile>
    <ClCompile Include="WebsocketHandler.cpp">
      <Filter>Source Files</Filter>
    </ClCompile>
    <ClCompile Include="stdafx.cpp">
      <Filter>Source Files</Filter>
    </ClCompile>
    <ClCompile Include="MemoryPatch.cpp">
      <Filter>Source Files</Filter>
    </ClCompile>
    <ClCompile Include="Assembler.cpp">
      <Filter>HookLib</Filter>
    </ClCompile>
    <ClCompile Include="..\common\Patterns.cpp">
      <Filter>Source Files</Filter>
    </ClCompile>
    <ClCompile Include="NetworkStream.cpp">
      <Filter>Source Files</Filter>
    </ClCompile>
  </ItemGroup>
  <ItemGroup>
    <ClInclude Include="PythonUtils.h">
      <Filter>Header Files</Filter>
    </ClInclude>
    <ClInclude Include="JMPStartFuncHook.h">
      <Filter>HookLib</Filter>
    </ClInclude>
    <ClInclude Include="SleepFunctionHook.h">
      <Filter>HookLib</Filter>
    </ClInclude>
    <ClInclude Include="ReturnHook.h">
      <Filter>HookLib</Filter>
    </ClInclude>
    <ClInclude Include="JMPMidFuncHook.h">
      <Filter>HookLib</Filter>
    </ClInclude>
    <ClInclude Include="Hook.h">
      <Filter>HookLib</Filter>
    </ClInclude>
    <ClInclude Include="App.h">
      <Filter>Header Files</Filter>
    </ClInclude>
    <ClInclude Include="JPS.h">
      <Filter>Header Files</Filter>
    </ClInclude>
    <ClInclude Include="DetoursHook.h">
      <Filter>HookLib</Filter>
    </ClInclude>
    <ClInclude Include="Singleton.h">
      <Filter>Header Files</Filter>
    </ClInclude>
    <ClInclude Include="Communication.h">
      <Filter>Header Files</Filter>
    </ClInclude>
    <ClInclude Include="..\common\utils.h">
      <Filter>Header Files</Filter>
    </ClInclude>
    <ClInclude Include="CAddressLoader.h">
      <Filter>Header Files</Filter>
    </ClInclude>
    <ClInclude Include="Background.h">
      <Filter>Header Files</Filter>
    </ClInclude>
    <ClInclude Include="defines.h">
      <Filter>Header Files</Filter>
    </ClInclude>
    <ClInclude Include="InstanceManager.h">
      <Filter>Header Files</Filter>
    </ClInclude>
    <ClInclude Include="MapCollision.h">
      <Filter>Header Files</Filter>
    </ClInclude>
    <ClInclude Include="NetworkStream.h">
      <Filter>Header Files</Filter>
    </ClInclude>
    <ClInclude Include="Memory.h">
      <Filter>Header Files</Filter>
    </ClInclude>
    <ClInclude Include="Player.h">
      <Filter>Header Files</Filter>
    </ClInclude>
    <ClInclude Include="PythonModule.h">
      <Filter>Header Files</Filter>
    </ClInclude>
    <ClInclude Include="WebsocketHandler.h">
      <Filter>Header Files</Filter>
    </ClInclude>
    <ClInclude Include="stdafx.h">
      <Filter>Header Files</Filter>
    </ClInclude>
    <ClInclude Include="..\common\Patterns.h">
      <Filter>Header Files</Filter>
    </ClInclude>
    <ClInclude Include="MemoryPatch.h">
      <Filter>Header Files</Filter>
    </ClInclude>
    <ClInclude Include="Assembler.h">
      <Filter>HookLib</Filter>
    </ClInclude>
  </ItemGroup>
</Project>